// !$*UTF8*$!
{
	archiveVersion = 1;
	classes = {
	};
	objectVersion = 46;
	objects = {

/* Begin PBXBuildFile section */
		DC403BB11ECAB9900089430B /* AppDelegate.swift in Sources */ = {isa = PBXBuildFile; fileRef = DC403BB01ECAB9900089430B /* AppDelegate.swift */; };
		DC403BB31ECAB9900089430B /* ViewController.swift in Sources */ = {isa = PBXBuildFile; fileRef = DC403BB21ECAB9900089430B /* ViewController.swift */; };
		DC403BB61ECAB9900089430B /* Main.storyboard in Resources */ = {isa = PBXBuildFile; fileRef = DC403BB41ECAB9900089430B /* Main.storyboard */; };
		DC403BB81ECAB9900089430B /* Assets.xcassets in Resources */ = {isa = PBXBuildFile; fileRef = DC403BB71ECAB9900089430B /* Assets.xcassets */; };
		DC403BBB1ECAB9900089430B /* LaunchScreen.storyboard in Resources */ = {isa = PBXBuildFile; fileRef = DC403BB91ECAB9900089430B /* LaunchScreen.storyboard */; };
/* End PBXBuildFile section */

/* Begin PBXFileReference section */
		DC403BAD1ECAB9900089430B /* Emoji_Test.app */ = {isa = PBXFileReference; explicitFileType = wrapper.application; includeInIndex = 0; path = Emoji_Test.app; sourceTree = BUILT_PRODUCTS_DIR; };
		DC403BB01ECAB9900089430B /* AppDelegate.swift */ = {isa = PBXFileReference; lastKnownFileType = sourcecode.swift; path = AppDelegate.swift; sourceTree = "<group>"; };
		DC403BB21ECAB9900089430B /* ViewController.swift */ = {isa = PBXFileReference; lastKnownFileType = sourcecode.swift; path = ViewController.swift; sourceTree = "<group>"; };
		DC403BB51ECAB9900089430B /* Base */ = {isa = PBXFileReference; lastKnownFileType = file.storyboard; name = Base; path = Base.lproj/Main.storyboard; sourceTree = "<group>"; };
		DC403BB71ECAB9900089430B /* Assets.xcassets */ = {isa = PBXFileReference; lastKnownFileType = folder.assetcatalog; path = Assets.xcassets; sourceTree = "<group>"; };
		DC403BBA1ECAB9900089430B /* Base */ = {isa = PBXFileReference; lastKnownFileType = file.storyboard; name = Base; path = Base.lproj/LaunchScreen.storyboard; sourceTree = "<group>"; };
		DC403BBC1ECAB9900089430B /* Info.plist */ = {isa = PBXFileReference; lastKnownFileType = text.plist.xml; path = Info.plist; sourceTree = "<group>"; };
/* End PBXFileReference section */

/* Begin PBXFrameworksBuildPhase section */
		DC403BAA1ECAB9900089430B /* Frameworks */ = {
			isa = PBXFrameworksBuildPhase;
			buildActionMask = 2147483647;
			files = (
			);
			runOnlyForDeploymentPostprocessing = 0;
		};
/* End PBXFrameworksBuildPhase section */

/* Begin PBXGroup section */
		DC403BA41ECAB9900089430B = {
			isa = PBXGroup;
			children = (
				DC403BAF1ECAB9900089430B /* Emoji_Test */,
				DC403BAE1ECAB9900089430B /* Products */,
			);
			sourceTree = "<group>";
		};
		DC403BAE1ECAB9900089430B /* Products */ = {
			isa = PBXGroup;
			children = (
				DC403BAD1ECAB9900089430B /* Emoji_Test.app */,
			);
			name = Products;
			sourceTree = "<group>";
		};
		DC403BAF1ECAB9900089430B /* Emoji_Test */ = {
			isa = PBXGroup;
			children = (
				DC403BB01ECAB9900089430B /* AppDelegate.swift */,
				DC403BB21ECAB9900089430B /* ViewController.swift */,
				DC403BB41ECAB9900089430B /* Main.storyboard */,
				DC403BB71ECAB9900089430B /* Assets.xcassets */,
				DC403BB91ECAB9900089430B /* LaunchScreen.storyboard */,
				DC403BBC1ECAB9900089430B /* Info.plist */,
			);
			path = Emoji_Test;
			sourceTree = "<group>";
		};
/* End PBXGroup section */

/* Begin PBXNativeTarget section */
		DC403BAC1ECAB9900089430B /* Emoji_Test */ = {
			isa = PBXNativeTarget;
			buildConfigurationList = DC403BBF1ECAB9900089430B /* Build configuration list for PBXNativeTarget "Emoji_Test" */;
			buildPhases = (
				DC403BA91ECAB9900089430B /* Sources */,
				DC403BAA1ECAB9900089430B /* Frameworks */,
				DC403BAB1ECAB9900089430B /* Resources */,
			);
			buildRules = (
			);
			dependencies = (
			);
			name = Emoji_Test;
			productName = Emoji_Test;
			productReference = DC403BAD1ECAB9900089430B /* Emoji_Test.app */;
			productType = "com.apple.product-type.application";
		};
/* End PBXNativeTarget section */

/* Begin PBXProject section */
		DC403BA51ECAB9900089430B /* Project object */ = {
			isa = PBXProject;
			attributes = {
				LastSwiftUpdateCheck = 0830;
				LastUpgradeCheck = 0830;
				ORGANIZATIONNAME = "Cloud of Carmel Mobile App";
				TargetAttributes = {
					DC403BAC1ECAB9900089430B = {
						CreatedOnToolsVersion = 8.3.2;
						ProvisioningStyle = Automatic;
					};
				};
			};
			buildConfigurationList = DC403BA81ECAB9900089430B /* Build configuration list for PBXProject "Emoji_Test" */;
			compatibilityVersion = "Xcode 3.2";
			developmentRegion = English;
			hasScannedForEncodings = 0;
			knownRegions = (
				en,
				Base,
			);
			mainGroup = DC403BA41ECAB9900089430B;
			productRefGroup = DC403BAE1ECAB9900089430B /* Products */;
			projectDirPath = "";
			projectRoot = "";
			targets = (
				DC403BAC1ECAB9900089430B /* Emoji_Test */,
			);
		};
/* End PBXProject section */

/* Begin PBXResourcesBuildPhase section */
		DC403BAB1ECAB9900089430B /* Resources */ = {
			isa = PBXResourcesBuildPhase;
			buildActionMask = 2147483647;
			files = (
				DC403BBB1ECAB9900089430B /* LaunchScreen.storyboard in Resources */,
				DC403BB81ECAB9900089430B /* Assets.xcassets in Resources */,
				DC403BB61ECAB9900089430B /* Main.storyboard in Resources */,
			);
			runOnlyForDeploymentPostprocessing = 0;
		};
/* End PBXResourcesBuildPhase section */

/* Begin PBXSourcesBuildPhase section */
		DC403BA91ECAB9900089430B /* Sources */ = {
			isa = PBXSourcesBuildPhase;
			buildActionMask = 2147483647;
			files = (
				DC403BB31ECAB9900089430B /* ViewController.swift in Sources */,
				DC403BB11ECAB9900089430B /* AppDelegate.swift in Sources */,
			);
			runOnlyForDeploymentPostprocessing = 0;
		};
/* End PBXSourcesBuildPhase section */

/* Begin PBXVariantGroup section */
		DC403BB41ECAB9900089430B /* Main.storyboard */ = {
			isa = PBXVariantGroup;
			children = (
				DC403BB51ECAB9900089430B /* Base */,
			);
			name = Main.storyboard;
			sourceTree = "<group>";
		};
		DC403BB91ECAB9900089430B /* LaunchScreen.storyboard */ = {
			isa = PBXVariantGroup;
			children = (
				DC403BBA1ECAB9900089430B /* Base */,
			);
			name = LaunchScreen.storyboard;
			sourceTree = "<group>";
		};
/* End PBXVariantGroup section */

/* Begin XCBuildConfiguration section */
		DC403BBD1ECAB9900089430B /* Debug */ = {
			isa = XCBuildConfiguration;
			buildSettings = {
				ALWAYS_SEARCH_USER_PATHS = NO;
				CLANG_ANALYZER_NONNULL = YES;
				CLANG_ANALYZER_NUMBER_OBJECT_CONVERSION = YES_AGGRESSIVE;
				CLANG_CXX_LANGUAGE_STANDARD = "gnu++0x";
				CLANG_CXX_LIBRARY = "libc++";
				CLANG_ENABLE_MODULES = YES;
				CLANG_ENABLE_OBJC_ARC = YES;
				CLANG_WARN_BOOL_CONVERSION = YES;
				CLANG_WARN_CONSTANT_CONVERSION = YES;
				CLANG_WARN_DIRECT_OBJC_ISA_USAGE = YES_ERROR;
				CLANG_WARN_DOCUMENTATION_COMMENTS = YES;
				CLANG_WARN_EMPTY_BODY = YES;
				CLANG_WARN_ENUM_CONVERSION = YES;
				CLANG_WARN_INFINITE_RECURSION = YES;
				CLANG_WARN_INT_CONVERSION = YES;
				CLANG_WARN_OBJC_ROOT_CLASS = YES_ERROR;
				CLANG_WARN_SUSPICIOUS_MOVE = YES;
				CLANG_WARN_UNREACHABLE_CODE = YES;
				CLANG_WARN__DUPLICATE_METHOD_MATCH = YES;
				"CODE_SIGN_IDENTITY[sdk=iphoneos*]" = "iPhone Developer";
				COPY_PHASE_STRIP = NO;
				DEBUG_INFORMATION_FORMAT = dwarf;
				ENABLE_STRICT_OBJC_MSGSEND = YES;
				ENABLE_TESTABILITY = YES;
				GCC_C_LANGUAGE_STANDARD = gnu99;
				GCC_DYNAMIC_NO_PIC = NO;
				GCC_NO_COMMON_BLOCKS = YES;
				GCC_OPTIMIZATION_LEVEL = 0;
				GCC_PREPROCESSOR_DEFINITIONS = (
					"DEBUG=1",
					"$(inherited)",
				);
				GCC_WARN_64_TO_32_BIT_CONVERSION = YES;
				GCC_WARN_ABOUT_RETURN_TYPE = YES_ERROR;
				GCC_WARN_UNDECLARED_SELECTOR = YES;
				GCC_WARN_UNINITIALIZED_AUTOS = YES_AGGRESSIVE;
				GCC_WARN_UNUSED_FUNCTION = YES;
				GCC_WARN_UNUSED_VARIABLE = YES;
				IPHONEOS_DEPLOYMENT_TARGET = 10.3;
				MTL_ENABLE_DEBUG_INFO = YES;
				ONLY_ACTIVE_ARCH = YES;
				SDKROOT = iphoneos;
				SWIFT_ACTIVE_COMPILATION_CONDITIONS = DEBUG;
				SWIFT_OPTIMIZATION_LEVEL = "-Onone";
				TARGETED_DEVICE_FAMILY = "1,2";
			};
			name = Debug;
		};
		DC403BBE1ECAB9900089430B /* Release */ = {
			isa = XCBuildConfiguration;
			buildSettings = {
				ALWAYS_SEARCH_USER_PATHS = NO;
				CLANG_ANALYZER_NONNULL = YES;
				CLANG_ANALYZER_NUMBER_OBJECT_CONVERSION = YES_AGGRESSIVE;
				CLANG_CXX_LANGUAGE_STANDARD = "gnu++0x";
				CLANG_CXX_LIBRARY = "libc++";
				CLANG_ENABLE_MODULES = YES;
				CLANG_ENABLE_OBJC_ARC = YES;
				CLANG_WARN_BOOL_CONVERSION = YES;
				CLANG_WARN_CONSTANT_CONVERSION = YES;
				CLANG_WARN_DIRECT_OBJC_ISA_USAGE = YES_ERROR;
				CLANG_WARN_DOCUMENTATION_COMMENTS = YES;
				CLANG_WARN_EMPTY_BODY = YES;
				CLANG_WARN_ENUM_CONVERSION = YES;
				CLANG_WARN_INFINITE_RECURSION = YES;
				CLANG_WARN_INT_CONVERSION = YES;
				CLANG_WARN_OBJC_ROOT_CLASS = YES_ERROR;
				CLANG_WARN_SUSPICIOUS_MOVE = YES;
				CLANG_WARN_UNREACHABLE_CODE = YES;
				CLANG_WARN__DUPLICATE_METHOD_MATCH = YES;
				"CODE_SIGN_IDENTITY[sdk=iphoneos*]" = "iPhone Developer";
				COPY_PHASE_STRIP = NO;
				DEBUG_INFORMATION_FORMAT = "dwarf-with-dsym";
				ENABLE_NS_ASSERTIONS = NO;
				ENABLE_STRICT_OBJC_MSGSEND = YES;
				GCC_C_LANGUAGE_STANDARD = gnu99;
				GCC_NO_COMMON_BLOCKS = YES;
				GCC_WARN_64_TO_32_BIT_CONVERSION = YES;
				GCC_WARN_ABOUT_RETURN_TYPE = YES_ERROR;
				GCC_WARN_UNDECLARED_SELECTOR = YES;
				GCC_WARN_UNINITIALIZED_AUTOS = YES_AGGRESSIVE;
				GCC_WARN_UNUSED_FUNCTION = YES;
				GCC_WARN_UNUSED_VARIABLE = YES;
				IPHONEOS_DEPLOYMENT_TARGET = 10.3;
				MTL_ENABLE_DEBUG_INFO = NO;
				SDKROOT = iphoneos;
				SWIFT_OPTIMIZATION_LEVEL = "-Owholemodule";
				TARGETED_DEVICE_FAMILY = "1,2";
				VALIDATE_PRODUCT = YES;
			};
			name = Release;
		};
		DC403BC01ECAB9900089430B /* Debug */ = {
			isa = XCBuildConfiguration;
			buildSettings = {
				ASSETCATALOG_COMPILER_APPICON_NAME = AppIcon;
				INFOPLIST_FILE = Emoji_Test/Info.plist;
				LD_RUNPATH_SEARCH_PATHS = "$(inherited) @executable_path/Frameworks";
				PRODUCT_BUNDLE_IDENTIFIER = "com.coc.mobile.app.Emoji-Test";
				PRODUCT_NAME = "$(TARGET_NAME)";
				SWIFT_VERSION = 3.0;
			};
			name = Debug;
		};
		DC403BC11ECAB9900089430B /* Release */ = {
			isa = XCBuildConfiguration;
			buildSettings = {
				ASSETCATALOG_COMPILER_APPICON_NAME = AppIcon;
				INFOPLIST_FILE = Emoji_Test/Info.plist;
				LD_RUNPATH_SEARCH_PATHS = "$(inherited) @executable_path/Frameworks";
				PRODUCT_BUNDLE_IDENTIFIER = "com.coc.mobile.app.Emoji-Test";
				PRODUCT_NAME = "$(TARGET_NAME)";
				SWIFT_VERSION = 3.0;
			};
			name = Release;
		};
/* End XCBuildConfiguration section */

/* Begin XCConfigurationList section */
		DC403BA81ECAB9900089430B /* Build configuration list for PBXProject "Emoji_Test" */ = {
			isa = XCConfigurationList;
			buildConfigurations = (
				DC403BBD1ECAB9900089430B /* Debug */,
				DC403BBE1ECAB9900089430B /* Release */,
			);
			defaultConfigurationIsVisible = 0;
			defaultConfigurationName = Release;
		};
		DC403BBF1ECAB9900089430B /* Build configuration list for PBXNativeTarget "Emoji_Test" */ = {
			isa = XCConfigurationList;
			buildConfigurations = (
				DC403BC01ECAB9900089430B /* Debug */,
				DC403BC11ECAB9900089430B /* Release */,
			);
			defaultConfigurationIsVisible = 0;
		};
/* End XCConfigurationList section */
	};
	rootObject = DC403BA51ECAB9900089430B /* Project object */;
}
